// !$*UTF8*$!
{
	archiveVersion = 1;
	classes = {
	};
	objectVersion = 48;
	objects = {

/* Begin PBXBuildFile section */
		1FEA6365203E5AF7009C2435 /* AppDelegate.swift in Sources */ = {isa = PBXBuildFile; fileRef = 1FEA6364203E5AF7009C2435 /* AppDelegate.swift */; };
		1FEA636B203E5AF7009C2435 /* GameScene.swift in Sources */ = {isa = PBXBuildFile; fileRef = 1FEA636A203E5AF7009C2435 /* GameScene.swift */; };
		1FEA636D203E5AF7009C2435 /* GameViewController.swift in Sources */ = {isa = PBXBuildFile; fileRef = 1FEA636C203E5AF7009C2435 /* GameViewController.swift */; };
		1FEA6370203E5AF7009C2435 /* Main.storyboard in Resources */ = {isa = PBXBuildFile; fileRef = 1FEA636E203E5AF7009C2435 /* Main.storyboard */; };
		1FEA6372203E5AF7009C2435 /* Assets.xcassets in Resources */ = {isa = PBXBuildFile; fileRef = 1FEA6371203E5AF7009C2435 /* Assets.xcassets */; };
		1FEA6375203E5AF7009C2435 /* LaunchScreen.storyboard in Resources */ = {isa = PBXBuildFile; fileRef = 1FEA6373203E5AF7009C2435 /* LaunchScreen.storyboard */; };
		1FEA6381203E5D19009C2435 /* sprites.atlas in Resources */ = {isa = PBXBuildFile; fileRef = 1FEA637D203E5D19009C2435 /* sprites.atlas */; };
		1FEA6382203E5D19009C2435 /* background-music-aac.caf in Resources */ = {isa = PBXBuildFile; fileRef = 1FEA637F203E5D19009C2435 /* background-music-aac.caf */; };
		1FEA6383203E5D19009C2435 /* pew-pew-lei.caf in Resources */ = {isa = PBXBuildFile; fileRef = 1FEA6380203E5D19009C2435 /* pew-pew-lei.caf */; };
		1FEA6385203E6EF6009C2435 /* GameOverScene.swift in Sources */ = {isa = PBXBuildFile; fileRef = 1FEA6384203E6EF6009C2435 /* GameOverScene.swift */; };
/* End PBXBuildFile section */

/* Begin PBXFileReference section */
		1FEA6361203E5AF7009C2435 /* SpriteKitDemo.app */ = {isa = PBXFileReference; explicitFileType = wrapper.application; includeInIndex = 0; path = SpriteKitDemo.app; sourceTree = BUILT_PRODUCTS_DIR; };
		1FEA6364203E5AF7009C2435 /* AppDelegate.swift */ = {isa = PBXFileReference; lastKnownFileType = sourcecode.swift; path = AppDelegate.swift; sourceTree = "<group>"; };
		1FEA636A203E5AF7009C2435 /* GameScene.swift */ = {isa = PBXFileReference; lastKnownFileType = sourcecode.swift; path = GameScene.swift; sourceTree = "<group>"; };
		1FEA636C203E5AF7009C2435 /* GameViewController.swift */ = {isa = PBXFileReference; lastKnownFileType = sourcecode.swift; path = GameViewController.swift; sourceTree = "<group>"; };
		1FEA636F203E5AF7009C2435 /* Base */ = {isa = PBXFileReference; lastKnownFileType = file.storyboard; name = Base; path = Base.lproj/Main.storyboard; sourceTree = "<group>"; };
		1FEA6371203E5AF7009C2435 /* Assets.xcassets */ = {isa = PBXFileReference; lastKnownFileType = folder.assetcatalog; path = Assets.xcassets; sourceTree = "<group>"; };
		1FEA6374203E5AF7009C2435 /* Base */ = {isa = PBXFileReference; lastKnownFileType = file.storyboard; name = Base; path = Base.lproj/LaunchScreen.storyboard; sourceTree = "<group>"; };
		1FEA6376203E5AF7009C2435 /* Info.plist */ = {isa = PBXFileReference; lastKnownFileType = text.plist.xml; path = Info.plist; sourceTree = "<group>"; };
		1FEA637D203E5D19009C2435 /* sprites.atlas */ = {isa = PBXFileReference; lastKnownFileType = folder.skatlas; path = sprites.atlas; sourceTree = "<group>"; };
		1FEA637F203E5D19009C2435 /* background-music-aac.caf */ = {isa = PBXFileReference; lastKnownFileType = file; path = "background-music-aac.caf"; sourceTree = "<group>"; };
		1FEA6380203E5D19009C2435 /* pew-pew-lei.caf */ = {isa = PBXFileReference; lastKnownFileType = file; path = "pew-pew-lei.caf"; sourceTree = "<group>"; };
		1FEA6384203E6EF6009C2435 /* GameOverScene.swift */ = {isa = PBXFileReference; lastKnownFileType = sourcecode.swift; path = GameOverScene.swift; sourceTree = "<group>"; };
/* End PBXFileReference section */

/* Begin PBXFrameworksBuildPhase section */
		1FEA635E203E5AF7009C2435 /* Frameworks */ = {
			isa = PBXFrameworksBuildPhase;
			buildActionMask = 2147483647;
			files = (
			);
			runOnlyForDeploymentPostprocessing = 0;
		};
/* End PBXFrameworksBuildPhase section */

/* Begin PBXGroup section */
		1FEA6358203E5AF7009C2435 = {
			isa = PBXGroup;
			children = (
				1FEA6363203E5AF7009C2435 /* SpriteKitDemo */,
				1FEA6362203E5AF7009C2435 /* Products */,
			);
			sourceTree = "<group>";
		};
		1FEA6362203E5AF7009C2435 /* Products */ = {
			isa = PBXGroup;
			children = (
				1FEA6361203E5AF7009C2435 /* SpriteKitDemo.app */,
			);
			name = Products;
			sourceTree = "<group>";
		};
		1FEA6363203E5AF7009C2435 /* SpriteKitDemo */ = {
			isa = PBXGroup;
			children = (
				1FEA637C203E5D19009C2435 /* SpriteKitSimpleGameResources */,
				1FEA6364203E5AF7009C2435 /* AppDelegate.swift */,
				1FEA636A203E5AF7009C2435 /* GameScene.swift */,
				1FEA6384203E6EF6009C2435 /* GameOverScene.swift */,
				1FEA636C203E5AF7009C2435 /* GameViewController.swift */,
				1FEA636E203E5AF7009C2435 /* Main.storyboard */,
				1FEA6371203E5AF7009C2435 /* Assets.xcassets */,
				1FEA6373203E5AF7009C2435 /* LaunchScreen.storyboard */,
				1FEA6376203E5AF7009C2435 /* Info.plist */,
			);
			path = SpriteKitDemo;
			sourceTree = "<group>";
		};
		1FEA637C203E5D19009C2435 /* SpriteKitSimpleGameResources */ = {
			isa = PBXGroup;
			children = (
				1FEA637D203E5D19009C2435 /* sprites.atlas */,
				1FEA637E203E5D19009C2435 /* Sounds */,
			);
			path = SpriteKitSimpleGameResources;
			sourceTree = "<group>";
		};
		1FEA637E203E5D19009C2435 /* Sounds */ = {
			isa = PBXGroup;
			children = (
				1FEA637F203E5D19009C2435 /* background-music-aac.caf */,
				1FEA6380203E5D19009C2435 /* pew-pew-lei.caf */,
			);
			path = Sounds;
			sourceTree = "<group>";
		};
/* End PBXGroup section */

/* Begin PBXNativeTarget section */
		1FEA6360203E5AF7009C2435 /* SpriteKitDemo */ = {
			isa = PBXNativeTarget;
			buildConfigurationList = 1FEA6379203E5AF7009C2435 /* Build configuration list for PBXNativeTarget "SpriteKitDemo" */;
			buildPhases = (
				1FEA635D203E5AF7009C2435 /* Sources */,
				1FEA635E203E5AF7009C2435 /* Frameworks */,
				1FEA635F203E5AF7009C2435 /* Resources */,
			);
			buildRules = (
			);
			dependencies = (
			);
			name = SpriteKitDemo;
			productName = SpriteKitDemo;
			productReference = 1FEA6361203E5AF7009C2435 /* SpriteKitDemo.app */;
			productType = "com.apple.product-type.application";
		};
/* End PBXNativeTarget section */

/* Begin PBXProject section */
		1FEA6359203E5AF7009C2435 /* Project object */ = {
			isa = PBXProject;
			attributes = {
				LastSwiftUpdateCheck = 0920;
				LastUpgradeCheck = 0920;
				ORGANIZATIONNAME = VIctorChee;
				TargetAttributes = {
					1FEA6360203E5AF7009C2435 = {
						CreatedOnToolsVersion = 9.2;
						ProvisioningStyle = Automatic;
					};
				};
			};
			buildConfigurationList = 1FEA635C203E5AF7009C2435 /* Build configuration list for PBXProject "SpriteKitDemo" */;
			compatibilityVersion = "Xcode 8.0";
			developmentRegion = en;
			hasScannedForEncodings = 0;
			knownRegions = (
				en,
				Base,
			);
			mainGroup = 1FEA6358203E5AF7009C2435;
			productRefGroup = 1FEA6362203E5AF7009C2435 /* Products */;
			projectDirPath = "";
			projectRoot = "";
			targets = (
				1FEA6360203E5AF7009C2435 /* SpriteKitDemo */,
			);
		};
/* End PBXProject section */

/* Begin PBXResourcesBuildPhase section */
		1FEA635F203E5AF7009C2435 /* Resources */ = {
			isa = PBXResourcesBuildPhase;
			buildActionMask = 2147483647;
			files = (
				1FEA6382203E5D19009C2435 /* background-music-aac.caf in Resources */,
				1FEA6370203E5AF7009C2435 /* Main.storyboard in Resources */,
				1FEA6372203E5AF7009C2435 /* Assets.xcassets in Resources */,
				1FEA6381203E5D19009C2435 /* sprites.atlas in Resources */,
				1FEA6375203E5AF7009C2435 /* LaunchScreen.storyboard in Resources */,
				1FEA6383203E5D19009C2435 /* pew-pew-lei.caf in Resources */,
			);
			runOnlyForDeploymentPostprocessing = 0;
		};
/* End PBXResourcesBuildPhase section */

/* Begin PBXSourcesBuildPhase section */
		1FEA635D203E5AF7009C2435 /* Sources */ = {
			isa = PBXSourcesBuildPhase;
			buildActionMask = 2147483647;
			files = (
				1FEA636B203E5AF7009C2435 /* GameScene.swift in Sources */,
				1FEA636D203E5AF7009C2435 /* GameViewController.swift in Sources */,
				1FEA6385203E6EF6009C2435 /* GameOverScene.swift in Sources */,
				1FEA6365203E5AF7009C2435 /* AppDelegate.swift in Sources */,
			);
			runOnlyForDeploymentPostprocessing = 0;
		};
/* End PBXSourcesBuildPhase section */

/* Begin PBXVariantGroup section */
		1FEA636E203E5AF7009C2435 /* Main.storyboard */ = {
			isa = PBXVariantGroup;
			children = (
				1FEA636F203E5AF7009C2435 /* Base */,
			);
			name = Main.storyboard;
			sourceTree = "<group>";
		};
		1FEA6373203E5AF7009C2435 /* LaunchScreen.storyboard */ = {
			isa = PBXVariantGroup;
			children = (
				1FEA6374203E5AF7009C2435 /* Base */,
			);
			name = LaunchScreen.storyboard;
			sourceTree = "<group>";
		};
/* End PBXVariantGroup section */

/* Begin XCBuildConfiguration section */
		1FEA6377203E5AF7009C2435 /* Debug */ = {
			isa = XCBuildConfiguration;
			buildSettings = {
				ALWAYS_SEARCH_USER_PATHS = NO;
				CLANG_ANALYZER_NONNULL = YES;
				CLANG_ANALYZER_NUMBER_OBJECT_CONVERSION = YES_AGGRESSIVE;
				CLANG_CXX_LANGUAGE_STANDARD = "gnu++14";
				CLANG_CXX_LIBRARY = "libc++";
				CLANG_ENABLE_MODULES = YES;
				CLANG_ENABLE_OBJC_ARC = YES;
				CLANG_WARN_BLOCK_CAPTURE_AUTORELEASING = YES;
				CLANG_WARN_BOOL_CONVERSION = YES;
				CLANG_WARN_COMMA = YES;
				CLANG_WARN_CONSTANT_CONVERSION = YES;
				CLANG_WARN_DIRECT_OBJC_ISA_USAGE = YES_ERROR;
				CLANG_WARN_DOCUMENTATION_COMMENTS = YES;
				CLANG_WARN_EMPTY_BODY = YES;
				CLANG_WARN_ENUM_CONVERSION = YES;
				CLANG_WARN_INFINITE_RECURSION = YES;
				CLANG_WARN_INT_CONVERSION = YES;
				CLANG_WARN_NON_LITERAL_NULL_CONVERSION = YES;
				CLANG_WARN_OBJC_LITERAL_CONVERSION = YES;
				CLANG_WARN_OBJC_ROOT_CLASS = YES_ERROR;
				CLANG_WARN_RANGE_LOOP_ANALYSIS = YES;
				CLANG_WARN_STRICT_PROTOTYPES = YES;
				CLANG_WARN_SUSPICIOUS_MOVE = YES;
				CLANG_WARN_UNGUARDED_AVAILABILITY = YES_AGGRESSIVE;
				CLANG_WARN_UNREACHABLE_CODE = YES;
				CLANG_WARN__DUPLICATE_METHOD_MATCH = YES;
				CODE_SIGN_IDENTITY = "iPhone Developer";
				COPY_PHASE_STRIP = NO;
				DEBUG_INFORMATION_FORMAT = dwarf;
				ENABLE_STRICT_OBJC_MSGSEND = YES;
				ENABLE_TESTABILITY = YES;
				GCC_C_LANGUAGE_STANDARD = gnu11;
				GCC_DYNAMIC_NO_PIC = NO;
				GCC_NO_COMMON_BLOCKS = YES;
				GCC_OPTIMIZATION_LEVEL = 0;
				GCC_PREPROCESSOR_DEFINITIONS = (
					"DEBUG=1",
					"$(inherited)",
				);
				GCC_WARN_64_TO_32_BIT_CONVERSION = YES;
				GCC_WARN_ABOUT_RETURN_TYPE = YES_ERROR;
				GCC_WARN_UNDECLARED_SELECTOR = YES;
				GCC_WARN_UNINITIALIZED_AUTOS = YES_AGGRESSIVE;
				GCC_WARN_UNUSED_FUNCTION = YES;
				GCC_WARN_UNUSED_VARIABLE = YES;
				IPHONEOS_DEPLOYMENT_TARGET = 11.2;
				MTL_ENABLE_DEBUG_INFO = YES;
				ONLY_ACTIVE_ARCH = YES;
				SDKROOT = iphoneos;
				SWIFT_ACTIVE_COMPILATION_CONDITIONS = DEBUG;
				SWIFT_OPTIMIZATION_LEVEL = "-Onone";
			};
			name = Debug;
		};
		1FEA6378203E5AF7009C2435 /* Release */ = {
			isa = XCBuildConfiguration;
			buildSettings = {
				ALWAYS_SEARCH_USER_PATHS = NO;
				CLANG_ANALYZER_NONNULL = YES;
				CLANG_ANALYZER_NUMBER_OBJECT_CONVERSION = YES_AGGRESSIVE;
				CLANG_CXX_LANGUAGE_STANDARD = "gnu++14";
				CLANG_CXX_LIBRARY = "libc++";
				CLANG_ENABLE_MODULES = YES;
				CLANG_ENABLE_OBJC_ARC = YES;
				CLANG_WARN_BLOCK_CAPTURE_AUTORELEASING = YES;
				CLANG_WARN_BOOL_CONVERSION = YES;
				CLANG_WARN_COMMA = YES;
				CLANG_WARN_CONSTANT_CONVERSION = YES;
				CLANG_WARN_DIRECT_OBJC_ISA_USAGE = YES_ERROR;
				CLANG_WARN_DOCUMENTATION_COMMENTS = YES;
				CLANG_WARN_EMPTY_BODY = YES;
				CLANG_WARN_ENUM_CONVERSION = YES;
				CLANG_WARN_INFINITE_RECURSION = YES;
				CLANG_WARN_INT_CONVERSION = YES;
				CLANG_WARN_NON_LITERAL_NULL_CONVERSION = YES;
				CLANG_WARN_OBJC_LITERAL_CONVERSION = YES;
				CLANG_WARN_OBJC_ROOT_CLASS = YES_ERROR;
				CLANG_WARN_RANGE_LOOP_ANALYSIS = YES;
				CLANG_WARN_STRICT_PROTOTYPES = YES;
				CLANG_WARN_SUSPICIOUS_MOVE = YES;
				CLANG_WARN_UNGUARDED_AVAILABILITY = YES_AGGRESSIVE;
				CLANG_WARN_UNREACHABLE_CODE = YES;
				CLANG_WARN__DUPLICATE_METHOD_MATCH = YES;
				CODE_SIGN_IDENTITY = "iPhone Developer";
				COPY_PHASE_STRIP = NO;
				DEBUG_INFORMATION_FORMAT = "dwarf-with-dsym";
				ENABLE_NS_ASSERTIONS = NO;
				ENABLE_STRICT_OBJC_MSGSEND = YES;
				GCC_C_LANGUAGE_STANDARD = gnu11;
				GCC_NO_COMMON_BLOCKS = YES;
				GCC_WARN_64_TO_32_BIT_CONVERSION = YES;
				GCC_WARN_ABOUT_RETURN_TYPE = YES_ERROR;
				GCC_WARN_UNDECLARED_SELECTOR = YES;
				GCC_WARN_UNINITIALIZED_AUTOS = YES_AGGRESSIVE;
				GCC_WARN_UNUSED_FUNCTION = YES;
				GCC_WARN_UNUSED_VARIABLE = YES;
				IPHONEOS_DEPLOYMENT_TARGET = 11.2;
				MTL_ENABLE_DEBUG_INFO = NO;
				SDKROOT = iphoneos;
				SWIFT_OPTIMIZATION_LEVEL = "-Owholemodule";
				VALIDATE_PRODUCT = YES;
			};
			name = Release;
		};
		1FEA637A203E5AF7009C2435 /* Debug */ = {
			isa = XCBuildConfiguration;
			buildSettings = {
				ASSETCATALOG_COMPILER_APPICON_NAME = AppIcon;
				CODE_SIGN_STYLE = Automatic;
				DEVELOPMENT_TEAM = 5H2TUBSY8A;
				INFOPLIST_FILE = SpriteKitDemo/Info.plist;
				LD_RUNPATH_SEARCH_PATHS = "$(inherited) @executable_path/Frameworks";
				PRODUCT_BUNDLE_IDENTIFIER = com.victorchee.SpriteKitDemo;
				PRODUCT_NAME = "$(TARGET_NAME)";
				SWIFT_VERSION = 4.0;
				TARGETED_DEVICE_FAMILY = "1,2";
			};
			name = Debug;
		};
		1FEA637B203E5AF7009C2435 /* Release */ = {
			isa = XCBuildConfiguration;
			buildSettings = {
				ASSETCATALOG_COMPILER_APPICON_NAME = AppIcon;
				CODE_SIGN_STYLE = Automatic;
				DEVELOPMENT_TEAM = 5H2TUBSY8A;
				INFOPLIST_FILE = SpriteKitDemo/Info.plist;
				LD_RUNPATH_SEARCH_PATHS = "$(inherited) @executable_path/Frameworks";
				PRODUCT_BUNDLE_IDENTIFIER = com.victorchee.SpriteKitDemo;
				PRODUCT_NAME = "$(TARGET_NAME)";
				SWIFT_VERSION = 4.0;
				TARGETED_DEVICE_FAMILY = "1,2";
			};
			name = Release;
		};
/* End XCBuildConfiguration section */

/* Begin XCConfigurationList section */
		1FEA635C203E5AF7009C2435 /* Build configuration list for PBXProject "SpriteKitDemo" */ = {
			isa = XCConfigurationList;
			buildConfigurations = (
				1FEA6377203E5AF7009C2435 /* Debug */,
				1FEA6378203E5AF7009C2435 /* Release */,
			);
			defaultConfigurationIsVisible = 0;
			defaultConfigurationName = Release;
		};
		1FEA6379203E5AF7009C2435 /* Build configuration list for PBXNativeTarget "SpriteKitDemo" */ = {
			isa = XCConfigurationList;
			buildConfigurations = (
				1FEA637A203E5AF7009C2435 /* Debug */,
				1FEA637B203E5AF7009C2435 /* Release */,
			);
			defaultConfigurationIsVisible = 0;
			defaultConfigurationName = Release;
		};
/* End XCConfigurationList section */
	};
	rootObject = 1FEA6359203E5AF7009C2435 /* Project object */;
}
